Microsoft Visual Studio Solution File, Format Version 12.00
# Visual Studio Version 17
VisualStudioVersion = 17.5.2.0
MinimumVisualStudioVersion = 10.0.40219.1
Project("{FAE04EC0-301F-11D3-BF4B-00C04F79EFBC}") = "DemoMVC167", "DemoMVC167\DemoMVC167.csproj", "{E783AEF7-340F-98ED-9664-1B06AD1A84A7}"
EndProject
Global
	GlobalSection(SolutionConfigurationPlatforms) = preSolution
		Debug|Any CPU = Debug|Any CPU
		Release|Any CPU = Release|Any CPU
	EndGlobalSection
	GlobalSection(ProjectConfigurationPlatforms) = postSolution
		{E783AEF7-340F-98ED-9664-1B06AD1A84A7}.Debug|Any CPU.ActiveCfg = Debug|Any CPU
		{E783AEF7-340F-98ED-9664-1B06AD1A84A7}.Debug|Any CPU.Build.0 = Debug|Any CPU
		{E783AEF7-340F-98ED-9664-1B06AD1A84A7}.Release|Any CPU.ActiveCfg = Release|Any CPU
		{E783AEF7-340F-98ED-9664-1B06AD1A84A7}.Release|Any CPU.Build.0 = Release|Any CPU
	EndGlobalSection
	GlobalSection(SolutionProperties) = preSolution
		HideSolutionNode = FALSE
	EndGlobalSection
	GlobalSection(ExtensibilityGlobals) = postSolution
		SolutionGuid = {ACAF3759-3EE2-458A-96F8-9256E5C3EE5B}
	EndGlobalSection
EndGlobal
